# This file is automatically @generated by Cargo.
# It is not intended for manual editing.
[[package]]
name = "easy_complex"
version = "0.4.1"
source = "registry+https://github.com/rust-lang/crates.io-index"

[[package]]
name = "mandel"
version = "0.1.0"
dependencies = [
 "easy_complex 0.4.1 (registry+https://github.com/rust-lang/crates.io-index)",
]

[metadata]
"checksum easy_complex 0.4.1 (registry+https://github.com/rust-lang/crates.io-index)" = "81cf0f8d0367b0dd9b627e3f51fbe08a3830b81918f5d74ef15046076cf3c8f6"
